
Microsoft Visual Studio Solution File, Format Version 12.00
# Visual Studio Version 17
VisualStudioVersion = 17.4.33213.308
MinimumVisualStudioVersion = 10.0.40219.1
Project("{FAE04EC0-301F-11D3-BF4B-00C04F79EFBC}") = "QMS_Puller", "QMS_Puller\QMS_Puller.csproj", "{C542002D-E278-4A19-96D3-373FAD314CFE}"
EndProject
Global
	GlobalSection(SolutionConfigurationPlatforms) = preSolution
		Debug|Any CPU = Debug|Any CPU
		Release|Any CPU = Release|Any CPU
	EndGlobalSection
	GlobalSection(ProjectConfigurationPlatforms) = postSolution
		{C542002D-E278-4A19-96D3-373FAD314CFE}.Debug|Any CPU.ActiveCfg = Debug|Any CPU
		{C542002D-E278-4A19-96D3-373FAD314CFE}.Debug|Any CPU.Build.0 = Debug|Any CPU
		{C542002D-E278-4A19-96D3-373FAD314CFE}.Release|Any CPU.ActiveCfg = Release|Any CPU
		{C542002D-E278-4A19-96D3-373FAD314CFE}.Release|Any CPU.Build.0 = Release|Any CPU
	EndGlobalSection
	GlobalSection(SolutionProperties) = preSolution
		HideSolutionNode = FALSE
	EndGlobalSection
	GlobalSection(ExtensibilityGlobals) = postSolution
		SolutionGuid = {102134E2-5024-441A-BE65-5C39AEBEE9A4}
	EndGlobalSection
EndGlobal
